
Microsoft Visual Studio Solution File, Format Version 12.00
# Visual Studio Version 17
VisualStudioVersion = 17.4.33205.214
MinimumVisualStudioVersion = 10.0.40219.1
Project("{888888A0-9F3D-457C-B088-3A5042F75D52}") = "praktika1", "praktika1.pyproj", "{CC20DF8A-B6A4-44FB-9F4C-9028B14E2303}"
EndProject
Global
	GlobalSection(SolutionConfigurationPlatforms) = preSolution
		Debug|Any CPU = Debug|Any CPU
		Release|Any CPU = Release|Any CPU
	EndGlobalSection
	GlobalSection(ProjectConfigurationPlatforms) = postSolution
		{CC20DF8A-B6A4-44FB-9F4C-9028B14E2303}.Debug|Any CPU.ActiveCfg = Debug|Any CPU
		{CC20DF8A-B6A4-44FB-9F4C-9028B14E2303}.Release|Any CPU.ActiveCfg = Release|Any CPU
	EndGlobalSection
	GlobalSection(SolutionProperties) = preSolution
		HideSolutionNode = FALSE
	EndGlobalSection
	GlobalSection(ExtensibilityGlobals) = postSolution
		SolutionGuid = {4D597049-E082-4900-A9D3-EE49F9B71EE8}
	EndGlobalSection
EndGlobal
